
Microsoft Visual Studio Solution File, Format Version 12.00
# Visual Studio Version 16
VisualStudioVersion = 16.0.30621.155
MinimumVisualStudioVersion = 15.0.26124.0
Project("{2150E333-8FDC-42A3-9474-1A3956D46DE8}") = "src", "src", "{BE6401FE-8D58-4D63-A0C2-0AAC7E96CE39}"
EndProject
Project("{9A19103F-16F7-4668-BE54-9A1E7A4F7556}") = "Nut.MediatR.Behaviors", "src\Nut.MediatR.Behaviors\Nut.MediatR.Behaviors.csproj", "{69FF93C8-B264-4215-9F83-258473420161}"
EndProject
Project("{2150E333-8FDC-42A3-9474-1A3956D46DE8}") = "test", "test", "{44C5AF60-8131-4236-9F91-B409C8C8FD6C}"
EndProject
Project("{9A19103F-16F7-4668-BE54-9A1E7A4F7556}") = "Nut.MediatR.Behaviors.Test", "test\Nut.MediatR.Behaviors.Test\Nut.MediatR.Behaviors.Test.csproj", "{74D0CEB9-AEB4-4DA6-A830-47DEA9923BBA}"
EndProject
Project("{2150E333-8FDC-42A3-9474-1A3956D46DE8}") = "sample", "sample", "{C59FB28F-DE2A-404C-AA7B-F60983D80395}"
EndProject
Project("{9A19103F-16F7-4668-BE54-9A1E7A4F7556}") = "BehaviorSample", "sample\BehaviorSample\BehaviorSample.csproj", "{40B5FC46-AB31-4036-809F-116AC6CAF64A}"
EndProject
Project("{9A19103F-16F7-4668-BE54-9A1E7A4F7556}") = "Nut.MediatR.Behaviors.FluentValidation", "src\Nut.MediatR.Behaviors.FluentValidation\Nut.MediatR.Behaviors.FluentValidation.csproj", "{9C00069A-0394-4449-961E-CB092752F3EC}"
EndProject
Project("{9A19103F-16F7-4668-BE54-9A1E7A4F7556}") = "Nut.MediatR.Behaviors.FluentValidation.Test", "test\Nut.MediatR.Behaviors.FluentValidation.Test\Nut.MediatR.Behaviors.FluentValidation.Test.csproj", "{A59F4E98-C4B8-42C2-A301-47C1699C0246}"
EndProject
Project("{FAE04EC0-301F-11D3-BF4B-00C04F79EFBC}") = "Nut.MediatR.ServiceLike", "src\Nut.MediatR.ServiceLike\Nut.MediatR.ServiceLike.csproj", "{636B6E91-A59B-49E7-A08F-B787505650C2}"
EndProject
Global
	GlobalSection(SolutionConfigurationPlatforms) = preSolution
		Debug|Any CPU = Debug|Any CPU
		Debug|x64 = Debug|x64
		Debug|x86 = Debug|x86
		Release|Any CPU = Release|Any CPU
		Release|x64 = Release|x64
		Release|x86 = Release|x86
	EndGlobalSection
	GlobalSection(ProjectConfigurationPlatforms) = postSolution
		{69FF93C8-B264-4215-9F83-258473420161}.Debug|Any CPU.ActiveCfg = Debug|Any CPU
		{69FF93C8-B264-4215-9F83-258473420161}.Debug|Any CPU.Build.0 = Debug|Any CPU
		{69FF93C8-B264-4215-9F83-258473420161}.Debug|x64.ActiveCfg = Debug|Any CPU
		{69FF93C8-B264-4215-9F83-258473420161}.Debug|x64.Build.0 = Debug|Any CPU
		{69FF93C8-B264-4215-9F83-258473420161}.Debug|x86.ActiveCfg = Debug|Any CPU
		{69FF93C8-B264-4215-9F83-258473420161}.Debug|x86.Build.0 = Debug|Any CPU
		{69FF93C8-B264-4215-9F83-258473420161}.Release|Any CPU.ActiveCfg = Release|Any CPU
		{69FF93C8-B264-4215-9F83-258473420161}.Release|Any CPU.Build.0 = Release|Any CPU
		{69FF93C8-B264-4215-9F83-258473420161}.Release|x64.ActiveCfg = Release|Any CPU
		{69FF93C8-B264-4215-9F83-258473420161}.Release|x64.Build.0 = Release|Any CPU
		{69FF93C8-B264-4215-9F83-258473420161}.Release|x86.ActiveCfg = Release|Any CPU
		{69FF93C8-B264-4215-9F83-258473420161}.Release|x86.Build.0 = Release|Any CPU
		{74D0CEB9-AEB4-4DA6-A830-47DEA9923BBA}.Debug|Any CPU.ActiveCfg = Debug|Any CPU
		{74D0CEB9-AEB4-4DA6-A830-47DEA9923BBA}.Debug|Any CPU.Build.0 = Debug|Any CPU
		{74D0CEB9-AEB4-4DA6-A830-47DEA9923BBA}.Debug|x64.ActiveCfg = Debug|Any CPU
		{74D0CEB9-AEB4-4DA6-A830-47DEA9923BBA}.Debug|x64.Build.0 = Debug|Any CPU
		{74D0CEB9-AEB4-4DA6-A830-47DEA9923BBA}.Debug|x86.ActiveCfg = Debug|Any CPU
		{74D0CEB9-AEB4-4DA6-A830-47DEA9923BBA}.Debug|x86.Build.0 = Debug|Any CPU
		{74D0CEB9-AEB4-4DA6-A830-47DEA9923BBA}.Release|Any CPU.ActiveCfg = Release|Any CPU
		{74D0CEB9-AEB4-4DA6-A830-47DEA9923BBA}.Release|Any CPU.Build.0 = Release|Any CPU
		{74D0CEB9-AEB4-4DA6-A830-47DEA9923BBA}.Release|x64.ActiveCfg = Release|Any CPU
		{74D0CEB9-AEB4-4DA6-A830-47DEA9923BBA}.Release|x64.Build.0 = Release|Any CPU
		{74D0CEB9-AEB4-4DA6-A830-47DEA9923BBA}.Release|x86.ActiveCfg = Release|Any CPU
		{74D0CEB9-AEB4-4DA6-A830-47DEA9923BBA}.Release|x86.Build.0 = Release|Any CPU
		{40B5FC46-AB31-4036-809F-116AC6CAF64A}.Debug|Any CPU.ActiveCfg = Debug|Any CPU
		{40B5FC46-AB31-4036-809F-116AC6CAF64A}.Debug|Any CPU.Build.0 = Debug|Any CPU
		{40B5FC46-AB31-4036-809F-116AC6CAF64A}.Debug|x64.ActiveCfg = Debug|Any CPU
		{40B5FC46-AB31-4036-809F-116AC6CAF64A}.Debug|x64.Build.0 = Debug|Any CPU
		{40B5FC46-AB31-4036-809F-116AC6CAF64A}.Debug|x86.ActiveCfg = Debug|Any CPU
		{40B5FC46-AB31-4036-809F-116AC6CAF64A}.Debug|x86.Build.0 = Debug|Any CPU
		{40B5FC46-AB31-4036-809F-116AC6CAF64A}.Release|Any CPU.ActiveCfg = Release|Any CPU
		{40B5FC46-AB31-4036-809F-116AC6CAF64A}.Release|Any CPU.Build.0 = Release|Any CPU
		{40B5FC46-AB31-4036-809F-116AC6CAF64A}.Release|x64.ActiveCfg = Release|Any CPU
		{40B5FC46-AB31-4036-809F-116AC6CAF64A}.Release|x64.Build.0 = Release|Any CPU
		{40B5FC46-AB31-4036-809F-116AC6CAF64A}.Release|x86.ActiveCfg = Release|Any CPU
		{40B5FC46-AB31-4036-809F-116AC6CAF64A}.Release|x86.Build.0 = Release|Any CPU
		{9C00069A-0394-4449-961E-CB092752F3EC}.Debug|Any CPU.ActiveCfg = Debug|Any CPU
		{9C00069A-0394-4449-961E-CB092752F3EC}.Debug|Any CPU.Build.0 = Debug|Any CPU
		{9C00069A-0394-4449-961E-CB092752F3EC}.Debug|x64.ActiveCfg = Debug|Any CPU
		{9C00069A-0394-4449-961E-CB092752F3EC}.Debug|x64.Build.0 = Debug|Any CPU
		{9C00069A-0394-4449-961E-CB092752F3EC}.Debug|x86.ActiveCfg = Debug|Any CPU
		{9C00069A-0394-4449-961E-CB092752F3EC}.Debug|x86.Build.0 = Debug|Any CPU
		{9C00069A-0394-4449-961E-CB092752F3EC}.Release|Any CPU.ActiveCfg = Release|Any CPU
		{9C00069A-0394-4449-961E-CB092752F3EC}.Release|Any CPU.Build.0 = Release|Any CPU
		{9C00069A-0394-4449-961E-CB092752F3EC}.Release|x64.ActiveCfg = Release|Any CPU
		{9C00069A-0394-4449-961E-CB092752F3EC}.Release|x64.Build.0 = Release|Any CPU
		{9C00069A-0394-4449-961E-CB092752F3EC}.Release|x86.ActiveCfg = Release|Any CPU
		{9C00069A-0394-4449-961E-CB092752F3EC}.Release|x86.Build.0 = Release|Any CPU
		{A59F4E98-C4B8-42C2-A301-47C1699C0246}.Debug|Any CPU.ActiveCfg = Debug|Any CPU
		{A59F4E98-C4B8-42C2-A301-47C1699C0246}.Debug|Any CPU.Build.0 = Debug|Any CPU
		{A59F4E98-C4B8-42C2-A301-47C1699C0246}.Debug|x64.ActiveCfg = Debug|Any CPU
		{A59F4E98-C4B8-42C2-A301-47C1699C0246}.Debug|x64.Build.0 = Debug|Any CPU
		{A59F4E98-C4B8-42C2-A301-47C1699C0246}.Debug|x86.ActiveCfg = Debug|Any CPU
		{A59F4E98-C4B8-42C2-A301-47C1699C0246}.Debug|x86.Build.0 = Debug|Any CPU
		{A59F4E98-C4B8-42C2-A301-47C1699C0246}.Release|Any CPU.ActiveCfg = Release|Any CPU
		{A59F4E98-C4B8-42C2-A301-47C1699C0246}.Release|Any CPU.Build.0 = Release|Any CPU
		{A59F4E98-C4B8-42C2-A301-47C1699C0246}.Release|x64.ActiveCfg = Release|Any CPU
		{A59F4E98-C4B8-42C2-A301-47C1699C0246}.Release|x64.Build.0 = Release|Any CPU
		{A59F4E98-C4B8-42C2-A301-47C1699C0246}.Release|x86.ActiveCfg = Release|Any CPU
		{A59F4E98-C4B8-42C2-A301-47C1699C0246}.Release|x86.Build.0 = Release|Any CPU
		{636B6E91-A59B-49E7-A08F-B787505650C2}.Debug|Any CPU.ActiveCfg = Debug|Any CPU
		{636B6E91-A59B-49E7-A08F-B787505650C2}.Debug|Any CPU.Build.0 = Debug|Any CPU
		{636B6E91-A59B-49E7-A08F-B787505650C2}.Debug|x64.ActiveCfg = Debug|Any CPU
		{636B6E91-A59B-49E7-A08F-B787505650C2}.Debug|x64.Build.0 = Debug|Any CPU
		{636B6E91-A59B-49E7-A08F-B787505650C2}.Debug|x86.ActiveCfg = Debug|Any CPU
		{636B6E91-A59B-49E7-A08F-B787505650C2}.Debug|x86.Build.0 = Debug|Any CPU
		{636B6E91-A59B-49E7-A08F-B787505650C2}.Release|Any CPU.ActiveCfg = Release|Any CPU
		{636B6E91-A59B-49E7-A08F-B787505650C2}.Release|Any CPU.Build.0 = Release|Any CPU
		{636B6E91-A59B-49E7-A08F-B787505650C2}.Release|x64.ActiveCfg = Release|Any CPU
		{636B6E91-A59B-49E7-A08F-B787505650C2}.Release|x64.Build.0 = Release|Any CPU
		{636B6E91-A59B-49E7-A08F-B787505650C2}.Release|x86.ActiveCfg = Release|Any CPU
		{636B6E91-A59B-49E7-A08F-B787505650C2}.Release|x86.Build.0 = Release|Any CPU
	EndGlobalSection
	GlobalSection(SolutionProperties) = preSolution
		HideSolutionNode = FALSE
	EndGlobalSection
	GlobalSection(NestedProjects) = preSolution
		{69FF93C8-B264-4215-9F83-258473420161} = {BE6401FE-8D58-4D63-A0C2-0AAC7E96CE39}
		{74D0CEB9-AEB4-4DA6-A830-47DEA9923BBA} = {44C5AF60-8131-4236-9F91-B409C8C8FD6C}
		{40B5FC46-AB31-4036-809F-116AC6CAF64A} = {C59FB28F-DE2A-404C-AA7B-F60983D80395}
		{9C00069A-0394-4449-961E-CB092752F3EC} = {BE6401FE-8D58-4D63-A0C2-0AAC7E96CE39}
		{A59F4E98-C4B8-42C2-A301-47C1699C0246} = {44C5AF60-8131-4236-9F91-B409C8C8FD6C}
		{636B6E91-A59B-49E7-A08F-B787505650C2} = {BE6401FE-8D58-4D63-A0C2-0AAC7E96CE39}
	EndGlobalSection
	GlobalSection(ExtensibilityGlobals) = postSolution
		SolutionGuid = {57CE9F24-DDDF-4AF0-BB6C-4B265A68EA09}
	EndGlobalSection
EndGlobal
